{
  "nodes": {
    "blank": {
      "locked": {
        "lastModified": 1625557891,
        "narHash": "sha256-O8/MWsPBGhhyPoPLHZAuoZiiHo9q6FLlEeIDEXuj6T4=",
        "ref": "master",
        "rev": "5a5d2684073d9f563072ed07c871d577a6c614a8",
        "revCount": 1,
        "type": "git",
        "url": "https://github.com/divnix/blank.git"
      },
      "original": {
        "ref": "master",
        "type": "git",
        "url": "https://github.com/divnix/blank.git"
      }
    },
    "flake-utils": {
      "inputs": {
        "systems": [
          "systems"
        ]
      },
      "locked": {
        "lastModified": 1731533236,
        "narHash": "sha256-l0KFg5HjrsfsO/JpG+r7fRrqm12kzFHyUHqHCVpMMbI=",
        "owner": "numtide",
        "repo": "flake-utils",
        "rev": "11707dc2f618dd54ca8739b309ec4fc024de578b",
        "type": "github"
      },
      "original": {
        "owner": "numtide",
        "ref": "main",
        "repo": "flake-utils",
        "type": "github"
      }
    },
    "nix-unit": {
      "inputs": {
        "nix-github-actions": [
          "blank"
        ],
        "nixpkgs": [
          "nixpkgs"
        ],
        "treefmt-nix": [
          "blank"
        ]
      },
      "locked": {
        "lastModified": 1778306706,
        "narHash": "sha256-68bQGOfejrJ6lqCk7IR4yfIFchSlAtN3diPc1imV+3k=",
        "ref": "main",
        "rev": "9317bef0ef5af9381902543e219a3c12d45cf5f6",
        "revCount": 658,
        "type": "git",
        "url": "https://github.com/nix-community/nix-unit.git"
      },
      "original": {
        "ref": "main",
        "type": "git",
        "url": "https://github.com/nix-community/nix-unit.git"
      }
    },
    "nixago": {
      "inputs": {
        "flake-utils": [
          "flake-utils"
        ],
        "nixago-exts": [
          "nixago-extensions"
        ],
        "nixpkgs": [
          "nixpkgs"
        ]
      },
      "locked": {
        "lastModified": 1746801636,
        "narHash": "sha256-dlcKfIXp/eqFHzFm+DzseXAWWlpVwyk9cTvCKGtVKkw=",
        "ref": "master",
        "rev": "8cc33f973ab3a891d8a41391e73ef451a783960b",
        "revCount": 106,
        "type": "git",
        "url": "https://github.com/nix-community/nixago.git"
      },
      "original": {
        "ref": "master",
        "type": "git",
        "url": "https://github.com/nix-community/nixago.git"
      }
    },
    "nixago-extensions": {
      "inputs": {
        "flake-utils": [
          "nixago",
          "flake-utils"
        ],
        "nixago": [
          "nixago"
        ],
        "nixpkgs": [
          "nixago",
          "nixpkgs"
        ]
      },
      "locked": {
        "lastModified": 1676070308,
        "narHash": "sha256-QaJ65oc2l8iwQIGWUJ0EKjCeSuuCM/LqR8RauxZUUkc=",
        "ref": "master",
        "rev": "e5380cb0456f4ea3c86cf94e3039eb856bf07d0b",
        "revCount": 7,
        "type": "git",
        "url": "https://github.com/nix-community/nixago-extensions.git"
      },
      "original": {
        "ref": "master",
        "type": "git",
        "url": "https://github.com/nix-community/nixago-extensions.git"
      }
    },
    "nixpkgs": {
      "locked": {
        "lastModified": 1778274207,
        "narHash": "sha256-I4puXmX1iovcCHZlRmztO3vW0mAbbRvq4F8wgIMQ1MM=",
        "ref": "nixpkgs-unstable",
        "rev": "b3da656039dc7a6240f27b2ef8cc6a3ef3bccae7",
        "revCount": 994919,
        "type": "git",
        "url": "https://github.com/NixOS/nixpkgs.git"
      },
      "original": {
        "ref": "nixpkgs-unstable",
        "type": "git",
        "url": "https://github.com/NixOS/nixpkgs.git"
      }
    },
    "root": {
      "inputs": {
        "blank": "blank",
        "flake-utils": "flake-utils",
        "nix-unit": "nix-unit",
        "nixago": "nixago",
        "nixago-extensions": "nixago-extensions",
        "nixpkgs": "nixpkgs",
        "systems": "systems"
      }
    },
    "systems": {
      "locked": {
        "lastModified": 1680978846,
        "narHash": "sha256-Gtqg8b/v49BFDpDetjclCYXm8mAnTrUzR0JnE2nv5aw=",
        "ref": "main",
        "rev": "2ecfcac5e15790ba6ce360ceccddb15ad16d08a8",
        "revCount": 3,
        "type": "git",
        "url": "https://github.com/nix-systems/x86_64-linux.git"
      },
      "original": {
        "ref": "main",
        "type": "git",
        "url": "https://github.com/nix-systems/x86_64-linux.git"
      }
    }
  },
  "root": "root",
  "version": 7
}
