{
  "nodes": {
    "blank": {
      "locked": {
        "lastModified": 1625557891,
        "narHash": "sha256-O8/MWsPBGhhyPoPLHZAuoZiiHo9q6FLlEeIDEXuj6T4=",
        "ref": "master",
        "rev": "5a5d2684073d9f563072ed07c871d577a6c614a8",
        "revCount": 1,
        "type": "git",
        "url": "https://github.com/divnix/blank.git"
      },
      "original": {
        "ref": "master",
        "type": "git",
        "url": "https://github.com/divnix/blank.git"
      }
    },
    "blueprint": {
      "inputs": {
        "nixpkgs": [
          "nixpkgs"
        ],
        "systems": [
          "systems"
        ]
      },
      "locked": {
        "lastModified": 1776249299,
        "narHash": "sha256-Dt9t1TGRmJFc0xVYhttNBD6QsAgHOHCArqGa0AyjrJY=",
        "ref": "main",
        "rev": "56131e8628f173d24a27f6d27c0215eff57e40dd",
        "revCount": 158,
        "type": "git",
        "url": "https://github.com/numtide/blueprint.git"
      },
      "original": {
        "ref": "main",
        "type": "git",
        "url": "https://github.com/numtide/blueprint.git"
      }
    },
    "bun": {
      "inputs": {
        "flake-parts": [
          "flake-parts"
        ],
        "nixpkgs": [
          "nixpkgs"
        ],
        "systems": [
          "systems"
        ],
        "treefmt-nix": [
          "blank"
        ]
      },
      "locked": {
        "lastModified": 1778446047,
        "narHash": "sha256-oQvcadh2BCkrog+SGrG6YffKJrveYpjj3TdQJWaKhaM=",
        "ref": "master",
        "rev": "f2bc12af1a6369648aac41041ceeaa0b866599c6",
        "revCount": 503,
        "type": "git",
        "url": "https://github.com/nix-community/bun2nix.git"
      },
      "original": {
        "ref": "master",
        "type": "git",
        "url": "https://github.com/nix-community/bun2nix.git"
      }
    },
    "flake-parts": {
      "inputs": {
        "nixpkgs-lib": [
          "nixpkgs"
        ]
      },
      "locked": {
        "lastModified": 1778716662,
        "narHash": "sha256-m1Yf0wZ8j1OHjTc2UwHwyQRSnNeSgLJOd7q5Y45hzi4=",
        "ref": "main",
        "rev": "f7c1a2d347e4c52d5fb8d10cb4d94b5884e546fb",
        "revCount": 475,
        "type": "git",
        "url": "https://github.com/hercules-ci/flake-parts.git"
      },
      "original": {
        "ref": "main",
        "type": "git",
        "url": "https://github.com/hercules-ci/flake-parts.git"
      }
    },
    "home-manager": {
      "inputs": {
        "nixpkgs": [
          "nixpkgs"
        ]
      },
      "locked": {
        "lastModified": 1781129616,
        "narHash": "sha256-Hl0Pz/QIKpePSU7SdK3BMe5VNmUhFvfWyg57GyawxzE=",
        "ref": "master",
        "rev": "7dbd305f8b81050f223f00bcfbc8a6b74e048806",
        "revCount": 6881,
        "type": "git",
        "url": "https://github.com/nix-community/home-manager.git"
      },
      "original": {
        "ref": "master",
        "type": "git",
        "url": "https://github.com/nix-community/home-manager.git"
      }
    },
    "llm-agents": {
      "inputs": {
        "blueprint": [
          "blueprint"
        ],
        "bun2nix": [
          "bun"
        ],
        "flake-parts": [
          "flake-parts"
        ],
        "nixpkgs": [
          "nixpkgs"
        ],
        "systems": [
          "systems"
        ],
        "treefmt-nix": [
          "blank"
        ]
      },
      "locked": {
        "lastModified": 1781157766,
        "narHash": "sha256-InNpK3w0V6odvKtC5wCXZZiluiWAD6uLElz3to+sQA0=",
        "ref": "main",
        "rev": "0b3a6a2dc43576f223d036ba70a29a2f0de99061",
        "revCount": 10784,
        "type": "git",
        "url": "https://github.com/numtide/llm-agents.nix"
      },
      "original": {
        "ref": "main",
        "type": "git",
        "url": "https://github.com/numtide/llm-agents.nix"
      }
    },
    "nix-unit": {
      "inputs": {
        "nix-github-actions": [
          "blank"
        ],
        "nixpkgs": [
          "nixpkgs"
        ],
        "treefmt-nix": [
          "blank"
        ]
      },
      "locked": {
        "lastModified": 1779338171,
        "narHash": "sha256-affUbv/bwE8SLGhuWKniDr7SVO+Lo1XEPjCZdyU5kgQ=",
        "ref": "main",
        "rev": "6ab1f232562a01d18b40d5ed6a58718c4f3a74bc",
        "revCount": 660,
        "type": "git",
        "url": "https://github.com/nix-community/nix-unit.git"
      },
      "original": {
        "ref": "main",
        "type": "git",
        "url": "https://github.com/nix-community/nix-unit.git"
      }
    },
    "nixpkgs": {
      "locked": {
        "lastModified": 1780930886,
        "narHash": "sha256-rppURzHviaQN131F+nLiLdGfcb0uCd9gGP0E5+iw9MI=",
        "ref": "nixpkgs-unstable",
        "rev": "8c3cede7ddc26bd659d2d383b5610efbd2c7a16e",
        "revCount": 1012902,
        "type": "git",
        "url": "https://github.com/NixOS/nixpkgs.git"
      },
      "original": {
        "ref": "nixpkgs-unstable",
        "type": "git",
        "url": "https://github.com/NixOS/nixpkgs.git"
      }
    },
    "root": {
      "inputs": {
        "blank": "blank",
        "blueprint": "blueprint",
        "bun": "bun",
        "flake-parts": "flake-parts",
        "home-manager": "home-manager",
        "llm-agents": "llm-agents",
        "nix-unit": "nix-unit",
        "nixpkgs": "nixpkgs",
        "systems": "systems"
      }
    },
    "systems": {
      "locked": {
        "lastModified": 1680978846,
        "narHash": "sha256-Gtqg8b/v49BFDpDetjclCYXm8mAnTrUzR0JnE2nv5aw=",
        "ref": "main",
        "rev": "2ecfcac5e15790ba6ce360ceccddb15ad16d08a8",
        "revCount": 3,
        "type": "git",
        "url": "https://github.com/nix-systems/x86_64-linux.git"
      },
      "original": {
        "ref": "main",
        "type": "git",
        "url": "https://github.com/nix-systems/x86_64-linux.git"
      }
    }
  },
  "root": "root",
  "version": 7
}
