{
  "nodes": {
    "agent-skills": {
      "inputs": {
        "home-manager": [
          "home-manager"
        ],
        "nixpkgs": [
          "nixpkgs"
        ]
      },
      "locked": {
        "lastModified": 1777875835,
        "narHash": "sha256-+ghBYIh477YxDPd0sKeD4AwnKJSOXKT0nHuAAGHL1cQ=",
        "ref": "master",
        "rev": "c6cb03f84cda0dc3f5daa05bf4d49f56c182f690",
        "revCount": 75,
        "type": "git",
        "url": "https://github.com/Kyure-A/agent-skills-nix.git"
      },
      "original": {
        "ref": "master",
        "type": "git",
        "url": "https://github.com/Kyure-A/agent-skills-nix.git"
      }
    },
    "bingshan-skills": {
      "flake": false,
      "locked": {
        "lastModified": 1778722480,
        "narHash": "sha256-sl3Ml1+L+y5Q+7ygEIdRFnLETe9Ny7/HEy98Uh7jPqY=",
        "ref": "main",
        "rev": "0816797a2203dcea130208d7b89c4819057201dc",
        "revCount": 3,
        "type": "git",
        "url": "https://codeberg.org/bingshan/skills.git"
      },
      "original": {
        "ref": "main",
        "type": "git",
        "url": "https://codeberg.org/bingshan/skills.git"
      }
    },
    "blank": {
      "locked": {
        "lastModified": 1625557891,
        "narHash": "sha256-O8/MWsPBGhhyPoPLHZAuoZiiHo9q6FLlEeIDEXuj6T4=",
        "ref": "master",
        "rev": "5a5d2684073d9f563072ed07c871d577a6c614a8",
        "revCount": 1,
        "type": "git",
        "url": "https://github.com/divnix/blank.git"
      },
      "original": {
        "ref": "master",
        "type": "git",
        "url": "https://github.com/divnix/blank.git"
      }
    },
    "home-manager": {
      "inputs": {
        "nixpkgs": [
          "nixpkgs"
        ]
      },
      "locked": {
        "lastModified": 1778535464,
        "narHash": "sha256-kkUQYSv70wynJ/DfnGals6r98I6bK3CVNVTN1zbAd7Y=",
        "ref": "master",
        "rev": "b659c7ffd40fc9e3bb60d420c79c67e769b9f4ab",
        "revCount": 6712,
        "type": "git",
        "url": "https://github.com/nix-community/home-manager.git"
      },
      "original": {
        "ref": "master",
        "type": "git",
        "url": "https://github.com/nix-community/home-manager.git"
      }
    },
    "nix-unit": {
      "inputs": {
        "nix-github-actions": [
          "blank"
        ],
        "nixpkgs": [
          "nixpkgs"
        ],
        "treefmt-nix": [
          "blank"
        ]
      },
      "locked": {
        "lastModified": 1778306706,
        "narHash": "sha256-68bQGOfejrJ6lqCk7IR4yfIFchSlAtN3diPc1imV+3k=",
        "ref": "main",
        "rev": "9317bef0ef5af9381902543e219a3c12d45cf5f6",
        "revCount": 658,
        "type": "git",
        "url": "https://github.com/nix-community/nix-unit.git"
      },
      "original": {
        "ref": "main",
        "type": "git",
        "url": "https://github.com/nix-community/nix-unit.git"
      }
    },
    "nixpkgs": {
      "locked": {
        "lastModified": 1778274207,
        "narHash": "sha256-I4puXmX1iovcCHZlRmztO3vW0mAbbRvq4F8wgIMQ1MM=",
        "ref": "nixpkgs-unstable",
        "rev": "b3da656039dc7a6240f27b2ef8cc6a3ef3bccae7",
        "revCount": 994919,
        "type": "git",
        "url": "https://github.com/NixOS/nixpkgs.git"
      },
      "original": {
        "ref": "nixpkgs-unstable",
        "type": "git",
        "url": "https://github.com/NixOS/nixpkgs.git"
      }
    },
    "openai-skills": {
      "flake": false,
      "locked": {
        "lastModified": 1778090515,
        "narHash": "sha256-EJIWRKs8m0cQ1EsFdusDgaeCqpxc7//1XH4Rm/ED35s=",
        "ref": "main",
        "rev": "4c4058ebf44f6734e62c70ab4a81246d4d093fc8",
        "revCount": 107,
        "type": "git",
        "url": "https://github.com/openai/skills.git"
      },
      "original": {
        "ref": "main",
        "type": "git",
        "url": "https://github.com/openai/skills.git"
      }
    },
    "root": {
      "inputs": {
        "agent-skills": "agent-skills",
        "bingshan-skills": "bingshan-skills",
        "blank": "blank",
        "home-manager": "home-manager",
        "nix-unit": "nix-unit",
        "nixpkgs": "nixpkgs",
        "openai-skills": "openai-skills"
      }
    }
  },
  "root": "root",
  "version": 7
}
