{
  "nodes": {
    "blank": {
      "locked": {
        "lastModified": 1625557891,
        "narHash": "sha256-O8/MWsPBGhhyPoPLHZAuoZiiHo9q6FLlEeIDEXuj6T4=",
        "ref": "master",
        "rev": "5a5d2684073d9f563072ed07c871d577a6c614a8",
        "revCount": 1,
        "type": "git",
        "url": "https://github.com/divnix/blank.git"
      },
      "original": {
        "ref": "master",
        "type": "git",
        "url": "https://github.com/divnix/blank.git"
      }
    },
    "blueprint": {
      "inputs": {
        "nixpkgs": [
          "nixpkgs"
        ],
        "systems": [
          "systems"
        ]
      },
      "locked": {
        "lastModified": 1788342924,
        "narHash": "sha256-Sfyygt2dL88+160d014gaXMlWTGIL2HGxlIzLGsGPvE=",
        "ref": "main",
        "rev": "8be75245e274a789b87cc4df542abbcd8c5e7f93",
        "revCount": 159,
        "type": "git",
        "url": "https://github.com/numtide/blueprint.git"
      },
      "original": {
        "ref": "main",
        "type": "git",
        "url": "https://github.com/numtide/blueprint.git"
      }
    },
    "bun": {
      "inputs": {
        "flake-parts": [
          "flake-parts"
        ],
        "nixpkgs": [
          "nixpkgs"
        ],
        "systems": [
          "systems"
        ],
        "treefmt-nix": [
          "blank"
        ]
      },
      "locked": {
        "lastModified": 1784665499,
        "narHash": "sha256-9BMxlTxCCDAeoNLtb1a/st7udtTIJep+wpUzquA29VU=",
        "ref": "master",
        "rev": "0f2a1f0b6f42cebe3b149bf62d38754c5e0e9729",
        "revCount": 519,
        "type": "git",
        "url": "https://github.com/nix-community/bun2nix.git"
      },
      "original": {
        "ref": "master",
        "type": "git",
        "url": "https://github.com/nix-community/bun2nix.git"
      }
    },
    "flake-parts": {
      "inputs": {
        "nixpkgs-lib": [
          "nixpkgs"
        ]
      },
      "locked": {
        "lastModified": 1788450739,
        "narHash": "sha256-glZLQlzIn1fXH6PazR2iUmTo7kzzyYSshrWhLS9TqCU=",
        "ref": "main",
        "rev": "31729ca8cbdb4fa927b34e5f4353e6a83f39e993",
        "revCount": 494,
        "type": "git",
        "url": "https://github.com/hercules-ci/flake-parts.git"
      },
      "original": {
        "ref": "main",
        "type": "git",
        "url": "https://github.com/hercules-ci/flake-parts.git"
      }
    },
    "hercules-ci-effects": {
      "inputs": {
        "flake-parts": [
          "flake-parts"
        ],
        "nixpkgs": [
          "nixpkgs"
        ]
      },
      "locked": {
        "lastModified": 1789448436,
        "narHash": "sha256-fknJsE4XnFjUfo87T9jyZ15ivJZB/varWvsJMYk0BNY=",
        "ref": "master",
        "rev": "6c58de7236d1cd634deea07bd15d52c7ce470bd3",
        "revCount": 665,
        "type": "git",
        "url": "https://github.com/hercules-ci/hercules-ci-effects.git"
      },
      "original": {
        "ref": "master",
        "type": "git",
        "url": "https://github.com/hercules-ci/hercules-ci-effects.git"
      }
    },
    "home-manager": {
      "inputs": {
        "nixpkgs": [
          "nixpkgs"
        ]
      },
      "locked": {
        "lastModified": 1790726651,
        "narHash": "sha256-zvULbL+SmLPPB1PwORjYU61W5SulQLjzUxFp4Vjl6B0=",
        "ref": "master",
        "rev": "b0d0106ef6a7c7c36ebff9a74f803d23d9b383d3",
        "revCount": 7380,
        "type": "git",
        "url": "https://github.com/nix-community/home-manager.git"
      },
      "original": {
        "ref": "master",
        "type": "git",
        "url": "https://github.com/nix-community/home-manager.git"
      }
    },
    "llm-agents": {
      "inputs": {
        "bun2nix": [
          "bun"
        ],
        "flake-parts": [
          "flake-parts"
        ],
        "nixpkgs": [
          "nixpkgs"
        ],
        "systems": [
          "systems"
        ],
        "treefmt-nix": [
          "blank"
        ]
      },
      "locked": {
        "lastModified": 1790724431,
        "narHash": "sha256-TiRnh+o2PoCAiQo8s/RoaJ6aEKseAbTLBDBZ4LWZxc8=",
        "ref": "main",
        "rev": "ca2e9d5f14679c3fce79fa812c1cbd3a6d2ba745",
        "revCount": 19636,
        "type": "git",
        "url": "https://github.com/numtide/llm-agents.nix"
      },
      "original": {
        "ref": "main",
        "type": "git",
        "url": "https://github.com/numtide/llm-agents.nix"
      }
    },
    "nix-unit": {
      "inputs": {
        "nix-github-actions": [
          "blank"
        ],
        "nixpkgs": [
          "nixpkgs"
        ],
        "treefmt-nix": [
          "blank"
        ]
      },
      "locked": {
        "lastModified": 1784925540,
        "narHash": "sha256-11IOL5tyJbB3vMQzzhIULuPtoHJpkLFz4BaKApm6t0Q=",
        "ref": "main",
        "rev": "b3d16367c54621fd073aa8c1dd510042f771f624",
        "revCount": 685,
        "type": "git",
        "url": "https://github.com/nix-community/nix-unit.git"
      },
      "original": {
        "ref": "main",
        "type": "git",
        "url": "https://github.com/nix-community/nix-unit.git"
      }
    },
    "nixpkgs": {
      "locked": {
        "lastModified": 1790600678,
        "narHash": "sha256-6k3n7X2UsZ6tAlWTz99RimiZab+17tMUrw9sRUcELiA=",
        "ref": "nixpkgs-unstable",
        "rev": "f45c6f04c2f013f004bf94e284e95d72898d9393",
        "revCount": 1081052,
        "type": "git",
        "url": "https://github.com/NixOS/nixpkgs.git"
      },
      "original": {
        "ref": "nixpkgs-unstable",
        "type": "git",
        "url": "https://github.com/NixOS/nixpkgs.git"
      }
    },
    "root": {
      "inputs": {
        "blank": "blank",
        "blueprint": "blueprint",
        "bun": "bun",
        "flake-parts": "flake-parts",
        "hercules-ci-effects": "hercules-ci-effects",
        "home-manager": "home-manager",
        "llm-agents": "llm-agents",
        "nix-unit": "nix-unit",
        "nixpkgs": "nixpkgs",
        "systems": "systems"
      }
    },
    "systems": {
      "locked": {
        "lastModified": 1680978846,
        "narHash": "sha256-Gtqg8b/v49BFDpDetjclCYXm8mAnTrUzR0JnE2nv5aw=",
        "ref": "main",
        "rev": "2ecfcac5e15790ba6ce360ceccddb15ad16d08a8",
        "revCount": 3,
        "type": "git",
        "url": "https://github.com/nix-systems/x86_64-linux.git"
      },
      "original": {
        "ref": "main",
        "type": "git",
        "url": "https://github.com/nix-systems/x86_64-linux.git"
      }
    }
  },
  "root": "root",
  "version": 7
}
