{
  "nodes": {
    "blank": {
      "locked": {
        "lastModified": 1625557891,
        "narHash": "sha256-O8/MWsPBGhhyPoPLHZAuoZiiHo9q6FLlEeIDEXuj6T4=",
        "ref": "master",
        "rev": "5a5d2684073d9f563072ed07c871d577a6c614a8",
        "revCount": 1,
        "type": "git",
        "url": "https://github.com/divnix/blank.git"
      },
      "original": {
        "ref": "master",
        "type": "git",
        "url": "https://github.com/divnix/blank.git"
      }
    },
    "blueprint": {
      "inputs": {
        "nixpkgs": [
          "nixpkgs"
        ],
        "systems": [
          "systems"
        ]
      },
      "locked": {
        "lastModified": 1788342924,
        "narHash": "sha256-Sfyygt2dL88+160d014gaXMlWTGIL2HGxlIzLGsGPvE=",
        "ref": "main",
        "rev": "8be75245e274a789b87cc4df542abbcd8c5e7f93",
        "revCount": 159,
        "type": "git",
        "url": "https://github.com/numtide/blueprint.git"
      },
      "original": {
        "ref": "main",
        "type": "git",
        "url": "https://github.com/numtide/blueprint.git"
      }
    },
    "bun": {
      "inputs": {
        "flake-parts": [
          "flake-parts"
        ],
        "nixpkgs": [
          "nixpkgs"
        ],
        "systems": [
          "systems"
        ],
        "treefmt-nix": [
          "blank"
        ]
      },
      "locked": {
        "lastModified": 1784665499,
        "narHash": "sha256-9BMxlTxCCDAeoNLtb1a/st7udtTIJep+wpUzquA29VU=",
        "ref": "master",
        "rev": "0f2a1f0b6f42cebe3b149bf62d38754c5e0e9729",
        "revCount": 519,
        "type": "git",
        "url": "https://github.com/nix-community/bun2nix.git"
      },
      "original": {
        "ref": "master",
        "type": "git",
        "url": "https://github.com/nix-community/bun2nix.git"
      }
    },
    "flake-parts": {
      "inputs": {
        "nixpkgs-lib": [
          "nixpkgs"
        ]
      },
      "locked": {
        "lastModified": 1788450739,
        "narHash": "sha256-glZLQlzIn1fXH6PazR2iUmTo7kzzyYSshrWhLS9TqCU=",
        "ref": "main",
        "rev": "31729ca8cbdb4fa927b34e5f4353e6a83f39e993",
        "revCount": 494,
        "type": "git",
        "url": "https://github.com/hercules-ci/flake-parts.git"
      },
      "original": {
        "ref": "main",
        "type": "git",
        "url": "https://github.com/hercules-ci/flake-parts.git"
      }
    },
    "home-manager": {
      "inputs": {
        "nixpkgs": [
          "nixpkgs"
        ]
      },
      "locked": {
        "lastModified": 1790275434,
        "narHash": "sha256-9dZF1EviQA/XKCjHChddQh7skrfKnZPSqPOqEeOKW0k=",
        "ref": "master",
        "rev": "f2981148865f7390d187a91d4b1a3a7616047d6d",
        "revCount": 7335,
        "type": "git",
        "url": "https://github.com/nix-community/home-manager.git"
      },
      "original": {
        "ref": "master",
        "type": "git",
        "url": "https://github.com/nix-community/home-manager.git"
      }
    },
    "llm-agents": {
      "inputs": {
        "bun2nix": [
          "bun"
        ],
        "flake-parts": [
          "flake-parts"
        ],
        "nixpkgs": [
          "nixpkgs"
        ],
        "systems": [
          "systems"
        ],
        "treefmt-nix": [
          "blank"
        ]
      },
      "locked": {
        "lastModified": 1790287024,
        "narHash": "sha256-bgcdRGgnICTPC9BakyP+pFYhsFeU4KJKkAlH5e7fJ3g=",
        "ref": "main",
        "rev": "e365463a16ebd12b464e311622e829e53d0c93eb",
        "revCount": 19220,
        "type": "git",
        "url": "https://github.com/numtide/llm-agents.nix"
      },
      "original": {
        "ref": "main",
        "type": "git",
        "url": "https://github.com/numtide/llm-agents.nix"
      }
    },
    "nix-unit": {
      "inputs": {
        "nix-github-actions": [
          "blank"
        ],
        "nixpkgs": [
          "nixpkgs"
        ],
        "treefmt-nix": [
          "blank"
        ]
      },
      "locked": {
        "lastModified": 1784925540,
        "narHash": "sha256-11IOL5tyJbB3vMQzzhIULuPtoHJpkLFz4BaKApm6t0Q=",
        "ref": "main",
        "rev": "b3d16367c54621fd073aa8c1dd510042f771f624",
        "revCount": 685,
        "type": "git",
        "url": "https://github.com/nix-community/nix-unit.git"
      },
      "original": {
        "ref": "main",
        "type": "git",
        "url": "https://github.com/nix-community/nix-unit.git"
      }
    },
    "nixpkgs": {
      "locked": {
        "lastModified": 1790238896,
        "narHash": "sha256-ym4BG18Pu2awiJIehla1Lo9xiB2QYRcCzW3SB74gEBY=",
        "ref": "nixpkgs-unstable",
        "rev": "34ca302a9572963c02e385c056be37c85ff51b77",
        "revCount": 1078969,
        "type": "git",
        "url": "https://github.com/NixOS/nixpkgs.git"
      },
      "original": {
        "ref": "nixpkgs-unstable",
        "type": "git",
        "url": "https://github.com/NixOS/nixpkgs.git"
      }
    },
    "root": {
      "inputs": {
        "blank": "blank",
        "blueprint": "blueprint",
        "bun": "bun",
        "flake-parts": "flake-parts",
        "home-manager": "home-manager",
        "llm-agents": "llm-agents",
        "nix-unit": "nix-unit",
        "nixpkgs": "nixpkgs",
        "systems": "systems"
      }
    },
    "systems": {
      "locked": {
        "lastModified": 1680978846,
        "narHash": "sha256-Gtqg8b/v49BFDpDetjclCYXm8mAnTrUzR0JnE2nv5aw=",
        "ref": "main",
        "rev": "2ecfcac5e15790ba6ce360ceccddb15ad16d08a8",
        "revCount": 3,
        "type": "git",
        "url": "https://github.com/nix-systems/x86_64-linux.git"
      },
      "original": {
        "ref": "main",
        "type": "git",
        "url": "https://github.com/nix-systems/x86_64-linux.git"
      }
    }
  },
  "root": "root",
  "version": 7
}
